{
  "originHash" : "0cf1f0936aaa17180375e8866a8bea0b9fc6d14a84af4ed87a98e0f4da8110c3",
  "pins" : [
    {
      "identity" : "clutchmodularprotocols",
      "kind" : "remoteSourceControl",
      "location" : "https://github.com/engingulek/ClutchModularProtocols",
      "state" : {
        "revision" : "9d2e6d0884a26be3fd67f98f8bc114fcd1018a53",
        "version" : "0.0.3"
      }
    },
    {
      "identity" : "hpdependencykit",
      "kind" : "remoteSourceControl",
      "location" : "https://github.com/engingulek/HPDependencyKit",
      "state" : {
        "revision" : "c9305c28ff55ad6eb257fbcfd014f49be7d8f47a",
        "version" : "1.0.0"
      }
    },
    {
      "identity" : "swinject",
      "kind" : "remoteSourceControl",
      "location" : "https://github.com/Swinject/Swinject.git",
      "state" : {
        "revision" : "be9dbcc7b86811bc131539a20c6f9c2d3e56919f",
        "version" : "2.9.1"
      }
    }
  ],
  "version" : 3
}
