{
  "originHash" : "9d152cb5b15c0fa9eac42d9e7723a4dfa4e2c0c4f79186f252cfe5e4789af160",
  "pins" : [
    {
      "identity" : "clutchmodularprotocols",
      "kind" : "remoteSourceControl",
      "location" : "https://github.com/engingulek/ClutchModularProtocols",
      "state" : {
        "revision" : "3466f7ac5d9eb9676b80dc536ee7ae67fdbcb475",
        "version" : "0.0.2"
      }
    },
    {
      "identity" : "hpdependencykit",
      "kind" : "remoteSourceControl",
      "location" : "https://github.com/engingulek/HPDependencyKit",
      "state" : {
        "revision" : "c9305c28ff55ad6eb257fbcfd014f49be7d8f47a",
        "version" : "1.0.0"
      }
    },
    {
      "identity" : "swinject",
      "kind" : "remoteSourceControl",
      "location" : "https://github.com/Swinject/Swinject.git",
      "state" : {
        "revision" : "be9dbcc7b86811bc131539a20c6f9c2d3e56919f",
        "version" : "2.9.1"
      }
    }
  ],
  "version" : 3
}
